
Microsoft Visual Studio Solution File, Format Version 12.00
# Visual Studio Version 16
VisualStudioVersion = 16.0.30406.217
MinimumVisualStudioVersion = 10.0.40219.1
Project("{FAE04EC0-301F-11D3-BF4B-00C04F79EFBC}") = "SodaMachine", "SodaMachine\SodaMachine.csproj", "{DAF44B70-02B4-49C2-8EBB-492AD15DD295}"
EndProject
Global
	GlobalSection(SolutionConfigurationPlatforms) = preSolution
		Debug|Any CPU = Debug|Any CPU
		Release|Any CPU = Release|Any CPU
	EndGlobalSection
	GlobalSection(ProjectConfigurationPlatforms) = postSolution
		{DAF44B70-02B4-49C2-8EBB-492AD15DD295}.Debug|Any CPU.ActiveCfg = Debug|Any CPU
		{DAF44B70-02B4-49C2-8EBB-492AD15DD295}.Debug|Any CPU.Build.0 = Debug|Any CPU
		{DAF44B70-02B4-49C2-8EBB-492AD15DD295}.Release|Any CPU.ActiveCfg = Release|Any CPU
		{DAF44B70-02B4-49C2-8EBB-492AD15DD295}.Release|Any CPU.Build.0 = Release|Any CPU
	EndGlobalSection
	GlobalSection(SolutionProperties) = preSolution
		HideSolutionNode = FALSE
	EndGlobalSection
	GlobalSection(ExtensibilityGlobals) = postSolution
		SolutionGuid = {D52E375D-EB74-41D3-A217-8DBF0045228E}
	EndGlobalSection
EndGlobal
